
Microsoft Visual Studio Solution File, Format Version 12.00
# Visual Studio Version 16
VisualStudioVersion = 16.0.30804.86
MinimumVisualStudioVersion = 10.0.40219.1
Project("{FAE04EC0-301F-11D3-BF4B-00C04F79EFBC}") = "NET5", "NET5\NET5.csproj", "{86C47680-7811-4798-AF23-0E71ECB52CA0}"
EndProject
Project("{FAE04EC0-301F-11D3-BF4B-00C04F79EFBC}") = "WinformTest", "WinformTest\WinformTest.csproj", "{7C280E19-D1FB-4530-A5ED-CF3D96FEF01E}"
EndProject
Global
	GlobalSection(SolutionConfigurationPlatforms) = preSolution
		Debug|Any CPU = Debug|Any CPU
		Release|Any CPU = Release|Any CPU
	EndGlobalSection
	GlobalSection(ProjectConfigurationPlatforms) = postSolution
		{86C47680-7811-4798-AF23-0E71ECB52CA0}.Debug|Any CPU.ActiveCfg = Debug|Any CPU
		{86C47680-7811-4798-AF23-0E71ECB52CA0}.Debug|Any CPU.Build.0 = Debug|Any CPU
		{86C47680-7811-4798-AF23-0E71ECB52CA0}.Release|Any CPU.ActiveCfg = Release|Any CPU
		{86C47680-7811-4798-AF23-0E71ECB52CA0}.Release|Any CPU.Build.0 = Release|Any CPU
		{7C280E19-D1FB-4530-A5ED-CF3D96FEF01E}.Debug|Any CPU.ActiveCfg = Debug|Any CPU
		{7C280E19-D1FB-4530-A5ED-CF3D96FEF01E}.Debug|Any CPU.Build.0 = Debug|Any CPU
		{7C280E19-D1FB-4530-A5ED-CF3D96FEF01E}.Release|Any CPU.ActiveCfg = Release|Any CPU
		{7C280E19-D1FB-4530-A5ED-CF3D96FEF01E}.Release|Any CPU.Build.0 = Release|Any CPU
	EndGlobalSection
	GlobalSection(SolutionProperties) = preSolution
		HideSolutionNode = FALSE
	EndGlobalSection
	GlobalSection(ExtensibilityGlobals) = postSolution
		SolutionGuid = {6D595003-EFEC-4481-868A-60CEBDAF2588}
	EndGlobalSection
EndGlobal
